version = 1
revision = 3
requires-python = ">=3.14"

[[package]]
name = "psycopg"
version = "3.3.5"
source = { registry = "https://pypi.org/simple" }
dependencies = [
    { name = "tzdata", marker = "sys_platform == 'win32'" },
]
sdist = { url = "https://files.pythonhosted.org/packages/72/73/8fb739d0f6bba247b9b93c9840c402a4f88545be5f1d4b02b23366371c00/psycopg-3.3.5.tar.gz", hash = "sha256:d0a3d9ccf5788af054cbd745278cb02401b5c312aeaafbf2c6144460aec47da4", size = 166508, upload-time = "2026-08-31T22:45:43.151Z" }
wheels = [
    { url = "https://files.pythonhosted.org/packages/3d/2e/d0a645bcaadde68bd6d93c43f02f14b0191bdda367ce3f7722abe3da744a/psycopg-3.3.5-py3-none-any.whl", hash = "sha256:ce5aa5cdb4f9379f00f487590e5890bfa7df9a164648c969ffa628505e21af4e", size = 213598, upload-time = "2026-08-31T22:39:02.184Z" },
]

[[package]]
name = "pygrametl"
version = "2.9"
source = { registry = "https://pypi.org/simple" }
sdist = { url = "https://files.pythonhosted.org/packages/a4/e6/4c85f13c8fda6fbc134d513070e8100a413096c4e0bb243ba75495c35ca1/pygrametl-2.9.tar.gz", hash = "sha256:9b60bdc0b5f819bee9bdc81ff0adbc67704ec78ee92f89b023a311fefe051db1", size = 310150, upload-time = "2026-03-10T12:43:12.277Z" }
wheels = [
    { url = "https://files.pythonhosted.org/packages/f2/57/7f861f53173bf4109874eb1fb2aecfd9e44b613519b82c01fe1935ac0980/pygrametl-2.9-py3-none-any.whl", hash = "sha256:dc1c7494f80e966a0f0ee46c86318b6a6f1b19560f88c5aeac2810604087d67c", size = 92139, upload-time = "2026-03-10T12:43:10.984Z" },
]

[[package]]
name = "python-dotenv"
version = "1.2.3"
source = { registry = "https://pypi.org/simple" }
sdist = { url = "https://files.pythonhosted.org/packages/6a/53/ed9d74092561d4b01a2ef1349d52cdbc135e526c245f366b089cfca6de49/python_dotenv-1.2.3.tar.gz", hash = "sha256:a20a594dabeaa385725aa239d5244871c143ecb356add8a20fcf23773a6c3a35", size = 58945, upload-time = "2026-08-16T16:54:54.067Z" }
wheels = [
    { url = "https://files.pythonhosted.org/packages/0d/17/c5c6b53ddc18f297992099b3d9ec16c855c0ccc83263a21fe4d1c625ec6c/python_dotenv-1.2.3-py3-none-any.whl", hash = "sha256:904552145e8bfed22162c09dab1c2b9b54fefa7b23ba780f4f26ca0316b0f0d9", size = 22780, upload-time = "2026-08-16T16:54:52.473Z" },
]

[[package]]
name = "tzdata"
version = "2026.4"
source = { registry = "https://pypi.org/simple" }
sdist = { url = "https://files.pythonhosted.org/packages/e4/31/3d74fa778a63b98b7374323befcc0be5ab3bd94afd4096a0124e7379152c/tzdata-2026.4.tar.gz", hash = "sha256:f1b8bd365d8d210c55353f4d7f8d6d8561c0ba50d704b700d195a9424bba0d79", size = 199350, upload-time = "2026-09-12T12:56:03.251Z" }
wheels = [
    { url = "https://files.pythonhosted.org/packages/f9/bc/8737e8d54cf51106118039b83f485a4783112fab49ea9d044b234978a46e/tzdata-2026.4-py2.py3-none-any.whl", hash = "sha256:c2169a8b0a7a5e9674da5a135ccdfb2b3e671b333ed9fed17b41f73c34476e81", size = 347494, upload-time = "2026-09-12T12:56:01.67Z" },
]

[[package]]
name = "workflow"
version = "0.1.0"
source = { editable = "." }
dependencies = [
    { name = "psycopg" },
    { name = "pygrametl" },
    { name = "python-dotenv" },
]

[package.metadata]
requires-dist = [
    { name = "psycopg", specifier = ">=3.3.5" },
    { name = "pygrametl", specifier = ">=2.9" },
    { name = "python-dotenv", specifier = ">=1.2.3" },
]
